// !$*UTF8*$!
{
	archiveVersion = 1;
	classes = {
	};
	objectVersion = 50;
	objects = {

/* Begin PBXBuildFile section */
		0C1996DE26017DC8007B5099 /* AppDelegate.swift in Sources */ = {isa = PBXBuildFile; fileRef = 0C1996DD26017DC8007B5099 /* AppDelegate.swift */; };
		0C1996E026017DC8007B5099 /* SceneDelegate.swift in Sources */ = {isa = PBXBuildFile; fileRef = 0C1996DF26017DC8007B5099 /* SceneDelegate.swift */; };
		0C1996E226017DC8007B5099 /* ViewController.swift in Sources */ = {isa = PBXBuildFile; fileRef = 0C1996E126017DC8007B5099 /* ViewController.swift */; };
		0C1996E526017DC8007B5099 /* Main.storyboard in Resources */ = {isa = PBXBuildFile; fileRef = 0C1996E326017DC8007B5099 /* Main.storyboard */; };
		0C1996E726017DCF007B5099 /* Assets.xcassets in Resources */ = {isa = PBXBuildFile; fileRef = 0C1996E626017DCF007B5099 /* Assets.xcassets */; };
		0C1996EA26017DCF007B5099 /* LaunchScreen.storyboard in Resources */ = {isa = PBXBuildFile; fileRef = 0C1996E826017DCF007B5099 /* LaunchScreen.storyboard */; };
		0C33C44B2601B1E400E9452F /* core.framework in Frameworks */ = {isa = PBXBuildFile; fileRef = 0C33C4472601AFCF00E9452F /* core.framework */; };
		0C33C44C2601B1E400E9452F /* core.framework in Embed Frameworks */ = {isa = PBXBuildFile; fileRef = 0C33C4472601AFCF00E9452F /* core.framework */; settings = {ATTRIBUTES = (CodeSignOnCopy, RemoveHeadersOnCopy, ); }; };
/* End PBXBuildFile section */

/* Begin PBXCopyFilesBuildPhase section */
		0C33C44D2601B1E400E9452F /* Embed Frameworks */ = {
			isa = PBXCopyFilesBuildPhase;
			buildActionMask = 2147483647;
			dstPath = "";
			dstSubfolderSpec = 10;
			files = (
				0C33C44C2601B1E400E9452F /* core.framework in Embed Frameworks */,
			);
			name = "Embed Frameworks";
			runOnlyForDeploymentPostprocessing = 0;
		};
/* End PBXCopyFilesBuildPhase section */

/* Begin PBXFileReference section */
		0C1996DA26017DC8007B5099 /* phone.app */ = {isa = PBXFileReference; explicitFileType = wrapper.application; includeInIndex = 0; path = phone.app; sourceTree = BUILT_PRODUCTS_DIR; };
		0C1996DD26017DC8007B5099 /* AppDelegate.swift */ = {isa = PBXFileReference; lastKnownFileType = sourcecode.swift; path = AppDelegate.swift; sourceTree = "<group>"; };
		0C1996DF26017DC8007B5099 /* SceneDelegate.swift */ = {isa = PBXFileReference; lastKnownFileType = sourcecode.swift; path = SceneDelegate.swift; sourceTree = "<group>"; };
		0C1996E126017DC8007B5099 /* ViewController.swift */ = {isa = PBXFileReference; lastKnownFileType = sourcecode.swift; path = ViewController.swift; sourceTree = "<group>"; };
		0C1996E426017DC8007B5099 /* Base */ = {isa = PBXFileReference; lastKnownFileType = file.storyboard; name = Base; path = Base.lproj/Main.storyboard; sourceTree = "<group>"; };
		0C1996E626017DCF007B5099 /* Assets.xcassets */ = {isa = PBXFileReference; lastKnownFileType = folder.assetcatalog; path = Assets.xcassets; sourceTree = "<group>"; };
		0C1996E926017DCF007B5099 /* Base */ = {isa = PBXFileReference; lastKnownFileType = file.storyboard; name = Base; path = Base.lproj/LaunchScreen.storyboard; sourceTree = "<group>"; };
		0C1996EB26017DCF007B5099 /* Info.plist */ = {isa = PBXFileReference; lastKnownFileType = text.plist.xml; path = Info.plist; sourceTree = "<group>"; };
		0C33C4472601AFCF00E9452F /* core.framework */ = {isa = PBXFileReference; lastKnownFileType = wrapper.framework; name = core.framework; path = "../../core/build/xcode-frameworks/core.framework"; sourceTree = "<group>"; };
/* End PBXFileReference section */

/* Begin PBXFrameworksBuildPhase section */
		0C1996D726017DC8007B5099 /* Frameworks */ = {
			isa = PBXFrameworksBuildPhase;
			buildActionMask = 2147483647;
			files = (
				0C33C44B2601B1E400E9452F /* core.framework in Frameworks */,
			);
			runOnlyForDeploymentPostprocessing = 0;
		};
/* End PBXFrameworksBuildPhase section */

/* Begin PBXGroup section */
		0C1996D126017DC8007B5099 = {
			isa = PBXGroup;
			children = (
				0C1996DC26017DC8007B5099 /* phone */,
				0C1996DB26017DC8007B5099 /* Products */,
				0C33C4462601AFCF00E9452F /* Frameworks */,
			);
			sourceTree = "<group>";
		};
		0C1996DB26017DC8007B5099 /* Products */ = {
			isa = PBXGroup;
			children = (
				0C1996DA26017DC8007B5099 /* phone.app */,
			);
			name = Products;
			sourceTree = "<group>";
		};
		0C1996DC26017DC8007B5099 /* phone */ = {
			isa = PBXGroup;
			children = (
				0C1996DD26017DC8007B5099 /* AppDelegate.swift */,
				0C1996DF26017DC8007B5099 /* SceneDelegate.swift */,
				0C1996E126017DC8007B5099 /* ViewController.swift */,
				0C1996E326017DC8007B5099 /* Main.storyboard */,
				0C1996E626017DCF007B5099 /* Assets.xcassets */,
				0C1996E826017DCF007B5099 /* LaunchScreen.storyboard */,
				0C1996EB26017DCF007B5099 /* Info.plist */,
			);
			path = phone;
			sourceTree = "<group>";
		};
		0C33C4462601AFCF00E9452F /* Frameworks */ = {
			isa = PBXGroup;
			children = (
				0C33C4472601AFCF00E9452F /* core.framework */,
			);
			name = Frameworks;
			sourceTree = "<group>";
		};
/* End PBXGroup section */

/* Begin PBXNativeTarget section */
		0C1996D926017DC8007B5099 /* phone */ = {
			isa = PBXNativeTarget;
			buildConfigurationList = 0C1996EE26017DD0007B5099 /* Build configuration list for PBXNativeTarget "phone" */;
			buildPhases = (
				0C1996F226017F84007B5099 /* ShellScript */,
				0C1996D626017DC8007B5099 /* Sources */,
				0C1996D726017DC8007B5099 /* Frameworks */,
				0C1996D826017DC8007B5099 /* Resources */,
				0C33C44D2601B1E400E9452F /* Embed Frameworks */,
			);
			buildRules = (
			);
			dependencies = (
			);
			name = phone;
			productName = phone;
			productReference = 0C1996DA26017DC8007B5099 /* phone.app */;
			productType = "com.apple.product-type.application";
		};
/* End PBXNativeTarget section */

/* Begin PBXProject section */
		0C1996D226017DC8007B5099 /* Project object */ = {
			isa = PBXProject;
			attributes = {
				LastSwiftUpdateCheck = 1240;
				LastUpgradeCheck = 1240;
				TargetAttributes = {
					0C1996D926017DC8007B5099 = {
						CreatedOnToolsVersion = 12.4;
					};
				};
			};
			buildConfigurationList = 0C1996D526017DC8007B5099 /* Build configuration list for PBXProject "phone" */;
			compatibilityVersion = "Xcode 9.3";
			developmentRegion = en;
			hasScannedForEncodings = 0;
			knownRegions = (
				en,
				Base,
			);
			mainGroup = 0C1996D126017DC8007B5099;
			productRefGroup = 0C1996DB26017DC8007B5099 /* Products */;
			projectDirPath = "";
			projectRoot = "";
			targets = (
				0C1996D926017DC8007B5099 /* phone */,
			);
		};
/* End PBXProject section */

/* Begin PBXResourcesBuildPhase section */
		0C1996D826017DC8007B5099 /* Resources */ = {
			isa = PBXResourcesBuildPhase;
			buildActionMask = 2147483647;
			files = (
				0C1996EA26017DCF007B5099 /* LaunchScreen.storyboard in Resources */,
				0C1996E726017DCF007B5099 /* Assets.xcassets in Resources */,
				0C1996E526017DC8007B5099 /* Main.storyboard in Resources */,
			);
			runOnlyForDeploymentPostprocessing = 0;
		};
/* End PBXResourcesBuildPhase section */

/* Begin PBXShellScriptBuildPhase section */
		0C1996F226017F84007B5099 /* ShellScript */ = {
			isa = PBXShellScriptBuildPhase;
			buildActionMask = 2147483647;
			files = (
			);
			inputFileListPaths = (
			);
			inputPaths = (
			);
			outputFileListPaths = (
			);
			outputPaths = (
			);
			runOnlyForDeploymentPostprocessing = 0;
			shellPath = /bin/sh;
			shellScript = "cd \"$SRCROOT/../..\"\n./gradlew :core:packForXCode -PXCODE_CONFIGURATION=${CONFIGURATION}\n";
		};
/* End PBXShellScriptBuildPhase section */

/* Begin PBXSourcesBuildPhase section */
		0C1996D626017DC8007B5099 /* Sources */ = {
			isa = PBXSourcesBuildPhase;
			buildActionMask = 2147483647;
			files = (
				0C1996E226017DC8007B5099 /* ViewController.swift in Sources */,
				0C1996DE26017DC8007B5099 /* AppDelegate.swift in Sources */,
				0C1996E026017DC8007B5099 /* SceneDelegate.swift in Sources */,
			);
			runOnlyForDeploymentPostprocessing = 0;
		};
/* End PBXSourcesBuildPhase section */

/* Begin PBXVariantGroup section */
		0C1996E326017DC8007B5099 /* Main.storyboard */ = {
			isa = PBXVariantGroup;
			children = (
				0C1996E426017DC8007B5099 /* Base */,
			);
			name = Main.storyboard;
			sourceTree = "<group>";
		};
		0C1996E826017DCF007B5099 /* LaunchScreen.storyboard */ = {
			isa = PBXVariantGroup;
			children = (
				0C1996E926017DCF007B5099 /* Base */,
			);
			name = LaunchScreen.storyboard;
			sourceTree = "<group>";
		};
/* End PBXVariantGroup section */

/* Begin XCBuildConfiguration section */
		0C1996EC26017DD0007B5099 /* Debug */ = {
			isa = XCBuildConfiguration;
			buildSettings = {
				ALWAYS_SEARCH_USER_PATHS = NO;
				CLANG_ANALYZER_NONNULL = YES;
				CLANG_ANALYZER_NUMBER_OBJECT_CONVERSION = YES_AGGRESSIVE;
				CLANG_CXX_LANGUAGE_STANDARD = "gnu++14";
				CLANG_CXX_LIBRARY = "libc++";
				CLANG_ENABLE_MODULES = YES;
				CLANG_ENABLE_OBJC_ARC = YES;
				CLANG_ENABLE_OBJC_WEAK = YES;
				CLANG_WARN_BLOCK_CAPTURE_AUTORELEASING = YES;
				CLANG_WARN_BOOL_CONVERSION = YES;
				CLANG_WARN_COMMA = YES;
				CLANG_WARN_CONSTANT_CONVERSION = YES;
				CLANG_WARN_DEPRECATED_OBJC_IMPLEMENTATIONS = YES;
				CLANG_WARN_DIRECT_OBJC_ISA_USAGE = YES_ERROR;
				CLANG_WARN_DOCUMENTATION_COMMENTS = YES;
				CLANG_WARN_EMPTY_BODY = YES;
				CLANG_WARN_ENUM_CONVERSION = YES;
				CLANG_WARN_INFINITE_RECURSION = YES;
				CLANG_WARN_INT_CONVERSION = YES;
				CLANG_WARN_NON_LITERAL_NULL_CONVERSION = YES;
				CLANG_WARN_OBJC_IMPLICIT_RETAIN_SELF = YES;
				CLANG_WARN_OBJC_LITERAL_CONVERSION = YES;
				CLANG_WARN_OBJC_ROOT_CLASS = YES_ERROR;
				CLANG_WARN_QUOTED_INCLUDE_IN_FRAMEWORK_HEADER = YES;
				CLANG_WARN_RANGE_LOOP_ANALYSIS = YES;
				CLANG_WARN_STRICT_PROTOTYPES = YES;
				CLANG_WARN_SUSPICIOUS_MOVE = YES;
				CLANG_WARN_UNGUARDED_AVAILABILITY = YES_AGGRESSIVE;
				CLANG_WARN_UNREACHABLE_CODE = YES;
				CLANG_WARN__DUPLICATE_METHOD_MATCH = YES;
				COPY_PHASE_STRIP = NO;
				DEBUG_INFORMATION_FORMAT = dwarf;
				ENABLE_STRICT_OBJC_MSGSEND = YES;
				ENABLE_TESTABILITY = YES;
				GCC_C_LANGUAGE_STANDARD = gnu11;
				GCC_DYNAMIC_NO_PIC = NO;
				GCC_NO_COMMON_BLOCKS = YES;
				GCC_OPTIMIZATION_LEVEL = 0;
				GCC_PREPROCESSOR_DEFINITIONS = (
					"DEBUG=1",
					"$(inherited)",
				);
				GCC_WARN_64_TO_32_BIT_CONVERSION = YES;
				GCC_WARN_ABOUT_RETURN_TYPE = YES_ERROR;
				GCC_WARN_UNDECLARED_SELECTOR = YES;
				GCC_WARN_UNINITIALIZED_AUTOS = YES_AGGRESSIVE;
				GCC_WARN_UNUSED_FUNCTION = YES;
				GCC_WARN_UNUSED_VARIABLE = YES;
				IPHONEOS_DEPLOYMENT_TARGET = 14.4;
				MTL_ENABLE_DEBUG_INFO = INCLUDE_SOURCE;
				MTL_FAST_MATH = YES;
				ONLY_ACTIVE_ARCH = YES;
				SDKROOT = iphoneos;
				SWIFT_ACTIVE_COMPILATION_CONDITIONS = DEBUG;
				SWIFT_OPTIMIZATION_LEVEL = "-Onone";
			};
			name = Debug;
		};
		0C1996ED26017DD0007B5099 /* Release */ = {
			isa = XCBuildConfiguration;
			buildSettings = {
				ALWAYS_SEARCH_USER_PATHS = NO;
				CLANG_ANALYZER_NONNULL = YES;
				CLANG_ANALYZER_NUMBER_OBJECT_CONVERSION = YES_AGGRESSIVE;
				CLANG_CXX_LANGUAGE_STANDARD = "gnu++14";
				CLANG_CXX_LIBRARY = "libc++";
				CLANG_ENABLE_MODULES = YES;
				CLANG_ENABLE_OBJC_ARC = YES;
				CLANG_ENABLE_OBJC_WEAK = YES;
				CLANG_WARN_BLOCK_CAPTURE_AUTORELEASING = YES;
				CLANG_WARN_BOOL_CONVERSION = YES;
				CLANG_WARN_COMMA = YES;
				CLANG_WARN_CONSTANT_CONVERSION = YES;
				CLANG_WARN_DEPRECATED_OBJC_IMPLEMENTATIONS = YES;
				CLANG_WARN_DIRECT_OBJC_ISA_USAGE = YES_ERROR;
				CLANG_WARN_DOCUMENTATION_COMMENTS = YES;
				CLANG_WARN_EMPTY_BODY = YES;
				CLANG_WARN_ENUM_CONVERSION = YES;
				CLANG_WARN_INFINITE_RECURSION = YES;
				CLANG_WARN_INT_CONVERSION = YES;
				CLANG_WARN_NON_LITERAL_NULL_CONVERSION = YES;
				CLANG_WARN_OBJC_IMPLICIT_RETAIN_SELF = YES;
				CLANG_WARN_OBJC_LITERAL_CONVERSION = YES;
				CLANG_WARN_OBJC_ROOT_CLASS = YES_ERROR;
				CLANG_WARN_QUOTED_INCLUDE_IN_FRAMEWORK_HEADER = YES;
				CLANG_WARN_RANGE_LOOP_ANALYSIS = YES;
				CLANG_WARN_STRICT_PROTOTYPES = YES;
				CLANG_WARN_SUSPICIOUS_MOVE = YES;
				CLANG_WARN_UNGUARDED_AVAILABILITY = YES_AGGRESSIVE;
				CLANG_WARN_UNREACHABLE_CODE = YES;
				CLANG_WARN__DUPLICATE_METHOD_MATCH = YES;
				COPY_PHASE_STRIP = NO;
				DEBUG_INFORMATION_FORMAT = "dwarf-with-dsym";
				ENABLE_NS_ASSERTIONS = NO;
				ENABLE_STRICT_OBJC_MSGSEND = YES;
				GCC_C_LANGUAGE_STANDARD = gnu11;
				GCC_NO_COMMON_BLOCKS = YES;
				GCC_WARN_64_TO_32_BIT_CONVERSION = YES;
				GCC_WARN_ABOUT_RETURN_TYPE = YES_ERROR;
				GCC_WARN_UNDECLARED_SELECTOR = YES;
				GCC_WARN_UNINITIALIZED_AUTOS = YES_AGGRESSIVE;
				GCC_WARN_UNUSED_FUNCTION = YES;
				GCC_WARN_UNUSED_VARIABLE = YES;
				IPHONEOS_DEPLOYMENT_TARGET = 14.4;
				MTL_ENABLE_DEBUG_INFO = NO;
				MTL_FAST_MATH = YES;
				SDKROOT = iphoneos;
				SWIFT_COMPILATION_MODE = wholemodule;
				SWIFT_OPTIMIZATION_LEVEL = "-O";
				VALIDATE_PRODUCT = YES;
			};
			name = Release;
		};
		0C1996EF26017DD0007B5099 /* Debug */ = {
			isa = XCBuildConfiguration;
			buildSettings = {
				ASSETCATALOG_COMPILER_APPICON_NAME = AppIcon;
				ASSETCATALOG_COMPILER_GLOBAL_ACCENT_COLOR_NAME = AccentColor;
				CODE_SIGN_STYLE = Automatic;
				FRAMEWORK_SEARCH_PATHS = "$(SRCROOT)/../../core/build/xcode-frameworks";
				INFOPLIST_FILE = phone/Info.plist;
				LD_RUNPATH_SEARCH_PATHS = (
					"$(inherited)",
					"@executable_path/Frameworks",
				);
				PRODUCT_BUNDLE_IDENTIFIER = com.flagarmilla.phone;
				PRODUCT_NAME = "$(TARGET_NAME)";
				SWIFT_VERSION = 5.0;
				TARGETED_DEVICE_FAMILY = "1,2";
			};
			name = Debug;
		};
		0C1996F026017DD0007B5099 /* Release */ = {
			isa = XCBuildConfiguration;
			buildSettings = {
				ASSETCATALOG_COMPILER_APPICON_NAME = AppIcon;
				ASSETCATALOG_COMPILER_GLOBAL_ACCENT_COLOR_NAME = AccentColor;
				CODE_SIGN_STYLE = Automatic;
				FRAMEWORK_SEARCH_PATHS = "$(SRCROOT)/../../core/build/xcode-frameworks";
				INFOPLIST_FILE = phone/Info.plist;
				LD_RUNPATH_SEARCH_PATHS = (
					"$(inherited)",
					"@executable_path/Frameworks",
				);
				PRODUCT_BUNDLE_IDENTIFIER = com.flagarmilla.phone;
				PRODUCT_NAME = "$(TARGET_NAME)";
				SWIFT_VERSION = 5.0;
				TARGETED_DEVICE_FAMILY = "1,2";
			};
			name = Release;
		};
/* End XCBuildConfiguration section */

/* Begin XCConfigurationList section */
		0C1996D526017DC8007B5099 /* Build configuration list for PBXProject "phone" */ = {
			isa = XCConfigurationList;
			buildConfigurations = (
				0C1996EC26017DD0007B5099 /* Debug */,
				0C1996ED26017DD0007B5099 /* Release */,
			);
			defaultConfigurationIsVisible = 0;
			defaultConfigurationName = Release;
		};
		0C1996EE26017DD0007B5099 /* Build configuration list for PBXNativeTarget "phone" */ = {
			isa = XCConfigurationList;
			buildConfigurations = (
				0C1996EF26017DD0007B5099 /* Debug */,
				0C1996F026017DD0007B5099 /* Release */,
			);
			defaultConfigurationIsVisible = 0;
			defaultConfigurationName = Release;
		};
/* End XCConfigurationList section */
	};
	rootObject = 0C1996D226017DC8007B5099 /* Project object */;
}
